github.com/HugoBlox/hugo-blox-builder/modules/blox-bootstrap/v5 v5.9.6 h1:EAnKwLLf27Wdl1IWpg0FpWiaAMuJyaTtBdvyUwJfU5c=
github.com/HugoBlox/hugo-blox-builder/modules/blox-bootstrap/v5 v5.9.6/go.mod h1:xZiTEEurbEwj/NhZohozvlyLCGVCT2wARHDAJeqKG/c=
github.com/HugoBlox/hugo-blox-builder/modules/blox-bootstrap/v5 v5.9.7 h1:QPek2BL723n+uM4DjyV97qNIoPsmt/vnKAQyaGJbgvQ=
github.com/HugoBlox/hugo-blox-builder/modules/blox-bootstrap/v5 v5.9.7/go.mod h1:xZiTEEurbEwj/NhZohozvlyLCGVCT2wARHDAJeqKG/c=
github.com/HugoBlox/hugo-blox-builder/modules/blox-bootstrap/v5 v5.9.8-0.20240513193311-41bd113535e8 h1:k+AvcY1iQng2b99acnIyadQBSWzGQxK0d47vxOfTTgU=
github.com/HugoBlox/hugo-blox-builder/modules/blox-bootstrap/v5 v5.9.8-0.20240513193311-41bd113535e8/go.mod h1:xZiTEEurbEwj/NhZohozvlyLCGVCT2wARHDAJeqKG/c=
github.com/HugoBlox/hugo-blox-builder/modules/blox-core v0.3.1/go.mod h1:So8+V2U+TNxlXmcpZfdDX0muLh3PdJ7z92h30sv3bZg=
github.com/HugoBlox/hugo-blox-builder/modules/blox-seo v0.2.2/go.mod h1:NsESu6cEms1DgH84icCyylElg2Zu8A0f7Fma5JR0LZE=
github.com/HugoBlox/hugo-blox-builder/modules/blox-tailwind v0.3.2 h1:Rh9CLgt4GpcWOoFJ0XyryvGjK/czOAa0eXuhjDisIC0=
github.com/HugoBlox/hugo-blox-builder/modules/blox-tailwind v0.3.2/go.mod h1:bUQKSt1XQhk60nSpI6D+MibQi6v8s7HghF5qoAtlhws=
github.com/wowchemy/wowchemy-hugo-modules/wowchemy/v5 v5.0.0-20220322212951-5a882fab11ac h1:X8k7cQ5/8dja9eockVo+tIqbcZkh3YtE5uEDzlzXvtA=
github.com/wowchemy/wowchemy-hugo-modules/wowchemy/v5 v5.0.0-20220322212951-5a882fab11ac/go.mod h1:2iL9rdrUYyJXX2BeHKfK+QbqZlubCsaR60nQ87NRQTY=
